
Microsoft Visual Studio Solution File, Format Version 12.00
# Visual Studio Version 16
VisualStudioVersion = 16.0.30717.126
MinimumVisualStudioVersion = 10.0.40219.1
Project("{9A19103F-16F7-4668-BE54-9A1E7A4F7556}") = "Day1", "Day1\Day1.csproj", "{2A570C47-0F40-46FB-A93B-0DC213CFCBC9}"
EndProject
Project("{9A19103F-16F7-4668-BE54-9A1E7A4F7556}") = "Day2", "Day2\Day2.csproj", "{79441501-AF47-4CFC-850E-C936054D9055}"
EndProject
Project("{9A19103F-16F7-4668-BE54-9A1E7A4F7556}") = "Day3", "Day3\Day3.csproj", "{ECE4FC67-C9F3-456B-B23F-636BB214ADB5}"
EndProject
Project("{9A19103F-16F7-4668-BE54-9A1E7A4F7556}") = "Day4", "Day4\Day4.csproj", "{05261B78-4D9D-40D1-8496-BACF1EE7738F}"
EndProject
Project("{FAE04EC0-301F-11D3-BF4B-00C04F79EFBC}") = "Day5", "Day5\Day5.csproj", "{4514FFA1-4D08-4EC0-BD94-5C7011A8C7D3}"
EndProject
Global
	GlobalSection(SolutionConfigurationPlatforms) = preSolution
		Debug|Any CPU = Debug|Any CPU
		Release|Any CPU = Release|Any CPU
	EndGlobalSection
	GlobalSection(ProjectConfigurationPlatforms) = postSolution
		{2A570C47-0F40-46FB-A93B-0DC213CFCBC9}.Debug|Any CPU.ActiveCfg = Debug|Any CPU
		{2A570C47-0F40-46FB-A93B-0DC213CFCBC9}.Debug|Any CPU.Build.0 = Debug|Any CPU
		{2A570C47-0F40-46FB-A93B-0DC213CFCBC9}.Release|Any CPU.ActiveCfg = Release|Any CPU
		{2A570C47-0F40-46FB-A93B-0DC213CFCBC9}.Release|Any CPU.Build.0 = Release|Any CPU
		{79441501-AF47-4CFC-850E-C936054D9055}.Debug|Any CPU.ActiveCfg = Debug|Any CPU
		{79441501-AF47-4CFC-850E-C936054D9055}.Debug|Any CPU.Build.0 = Debug|Any CPU
		{79441501-AF47-4CFC-850E-C936054D9055}.Release|Any CPU.ActiveCfg = Release|Any CPU
		{79441501-AF47-4CFC-850E-C936054D9055}.Release|Any CPU.Build.0 = Release|Any CPU
		{ECE4FC67-C9F3-456B-B23F-636BB214ADB5}.Debug|Any CPU.ActiveCfg = Debug|Any CPU
		{ECE4FC67-C9F3-456B-B23F-636BB214ADB5}.Debug|Any CPU.Build.0 = Debug|Any CPU
		{ECE4FC67-C9F3-456B-B23F-636BB214ADB5}.Release|Any CPU.ActiveCfg = Release|Any CPU
		{ECE4FC67-C9F3-456B-B23F-636BB214ADB5}.Release|Any CPU.Build.0 = Release|Any CPU
		{05261B78-4D9D-40D1-8496-BACF1EE7738F}.Debug|Any CPU.ActiveCfg = Debug|Any CPU
		{05261B78-4D9D-40D1-8496-BACF1EE7738F}.Debug|Any CPU.Build.0 = Debug|Any CPU
		{05261B78-4D9D-40D1-8496-BACF1EE7738F}.Release|Any CPU.ActiveCfg = Release|Any CPU
		{05261B78-4D9D-40D1-8496-BACF1EE7738F}.Release|Any CPU.Build.0 = Release|Any CPU
		{4514FFA1-4D08-4EC0-BD94-5C7011A8C7D3}.Debug|Any CPU.ActiveCfg = Debug|Any CPU
		{4514FFA1-4D08-4EC0-BD94-5C7011A8C7D3}.Debug|Any CPU.Build.0 = Debug|Any CPU
		{4514FFA1-4D08-4EC0-BD94-5C7011A8C7D3}.Release|Any CPU.ActiveCfg = Release|Any CPU
		{4514FFA1-4D08-4EC0-BD94-5C7011A8C7D3}.Release|Any CPU.Build.0 = Release|Any CPU
	EndGlobalSection
	GlobalSection(SolutionProperties) = preSolution
		HideSolutionNode = FALSE
	EndGlobalSection
	GlobalSection(ExtensibilityGlobals) = postSolution
		SolutionGuid = {F894285E-1080-4BCE-88C9-701793543733}
	EndGlobalSection
EndGlobal
